{
  "name": "registry-changes-detector",
  "version": "1.0.0",
  "lockfileVersion": 1,
  "requires": true,
  "dependencies": {
    "event-source-base": {
      "version": "1.0.1",
      "resolved": "https://registry.npmjs.org/event-source-base/-/event-source-base-1.0.1.tgz",
      "integrity": "sha512-DW7F7veFC0Gyv9Ba9/JzrzoeonSnFtDkP//x04ABy+Z4wOYUkraWpSw2XTJbalfUVL+s+eWba8E1ibwGXsj6tg==",
      "requires": {
        "node-addon-api": "^1.7.1"
      }
    },
    "node-addon-api": {
      "version": "1.7.1",
      "resolved": "https://registry.npmjs.org/node-addon-api/-/node-addon-api-1.7.1.tgz",
      "integrity": "sha512-2+DuKodWvwRTrCfKOeR24KIc5unKjOh8mz17NCzVnHWfjAdDqbfbjqh7gUT+BkXBRQM52+xCHciKWonJ3CbJMQ=="
    }
  }
}
